Microsoft Visual Studio Solution File, Format Version 11.00
# Visual Studio 2008

Project("{5E2CC3B1-7BD8-5BF1-7408-9AA491105878}") = "climber_ragdoll", "Assembly-CSharp.csproj", "{DEED5E0E-D8D4-FF6F-324E-FF7C130C85D2}"
EndProject
Global
	GlobalSection(SolutionConfigurationPlatforms) = preSolution
		Debug|Any CPU = Debug|Any CPU
		Release|Any CPU = Release|Any CPU
	EndGlobalSection
	GlobalSection(ProjectConfigurationPlatforms) = postSolution
		{DEED5E0E-D8D4-FF6F-324E-FF7C130C85D2}.Debug|Any CPU.ActiveCfg = Debug|Any CPU
		{DEED5E0E-D8D4-FF6F-324E-FF7C130C85D2}.Debug|Any CPU.Build.0 = Debug|Any CPU
		{DEED5E0E-D8D4-FF6F-324E-FF7C130C85D2}.Release|Any CPU.ActiveCfg = Release|Any CPU
		{DEED5E0E-D8D4-FF6F-324E-FF7C130C85D2}.Release|Any CPU.Build.0 = Release|Any CPU
	EndGlobalSection
	GlobalSection(SolutionProperties) = preSolution
		HideSolutionNode = FALSE
	EndGlobalSection
	GlobalSection(MonoDevelopProperties) = preSolution
		StartupItem = Assembly-CSharp.csproj
	EndGlobalSection
EndGlobal
